// !$*UTF8*$!
{
	archiveVersion = 1;
	classes = {
	};
	objectVersion = 46;
	objects = {

/* Begin PBXBuildFile section */
		BC1014781C9442CA00F03B6A /* main.m in Sources */ = {isa = PBXBuildFile; fileRef = BC1014771C9442CA00F03B6A /* main.m */; };
		BC10147B1C9442CA00F03B6A /* AppDelegate.m in Sources */ = {isa = PBXBuildFile; fileRef = BC10147A1C9442CA00F03B6A /* AppDelegate.m */; };
		BC10147E1C9442CA00F03B6A /* ViewController.m in Sources */ = {isa = PBXBuildFile; fileRef = BC10147D1C9442CA00F03B6A /* ViewController.m */; };
		BC1014811C9442CA00F03B6A /* Main.storyboard in Resources */ = {isa = PBXBuildFile; fileRef = BC10147F1C9442CA00F03B6A /* Main.storyboard */; };
		BC1014831C9442CA00F03B6A /* Assets.xcassets in Resources */ = {isa = PBXBuildFile; fileRef = BC1014821C9442CA00F03B6A /* Assets.xcassets */; };
		BC1014861C9442CA00F03B6A /* LaunchScreen.storyboard in Resources */ = {isa = PBXBuildFile; fileRef = BC1014841C9442CA00F03B6A /* LaunchScreen.storyboard */; };
		BC10148F1C9448EB00F03B6A /* Weibo.m in Sources */ = {isa = PBXBuildFile; fileRef = BC10148E1C9448EB00F03B6A /* Weibo.m */; };
		BC1014921C94497200F03B6A /* WeiboCell.m in Sources */ = {isa = PBXBuildFile; fileRef = BC1014911C94497200F03B6A /* WeiboCell.m */; };
		BC1014951C94498F00F03B6A /* WeiboFrame.m in Sources */ = {isa = PBXBuildFile; fileRef = BC1014941C94498F00F03B6A /* WeiboFrame.m */; };
		BCD0A2181C97D207001FD315 /* status.plist in Resources */ = {isa = PBXBuildFile; fileRef = BCD0A2171C97D207001FD315 /* status.plist */; };
		BCD0A21B1C97D4C0001FD315 /* vip.png in Resources */ = {isa = PBXBuildFile; fileRef = BCD0A21A1C97D4C0001FD315 /* vip.png */; };
		BCD0A2231C97E0A7001FD315 /* 0.png in Resources */ = {isa = PBXBuildFile; fileRef = BCD0A21D1C97E0A7001FD315 /* 0.png */; };
		BCD0A2241C97E0A7001FD315 /* 1.png in Resources */ = {isa = PBXBuildFile; fileRef = BCD0A21E1C97E0A7001FD315 /* 1.png */; };
		BCD0A2251C97E0A7001FD315 /* 2.png in Resources */ = {isa = PBXBuildFile; fileRef = BCD0A21F1C97E0A7001FD315 /* 2.png */; };
		BCD0A2261C97E0A7001FD315 /* 3.png in Resources */ = {isa = PBXBuildFile; fileRef = BCD0A2201C97E0A7001FD315 /* 3.png */; };
		BCD0A2271C97E0A7001FD315 /* 4.png in Resources */ = {isa = PBXBuildFile; fileRef = BCD0A2211C97E0A7001FD315 /* 4.png */; };
		BCD0A2281C97E0A7001FD315 /* 5.png in Resources */ = {isa = PBXBuildFile; fileRef = BCD0A2221C97E0A7001FD315 /* 5.png */; };
		BCD0A2301C97E2B6001FD315 /* p1.JPG in Resources */ = {isa = PBXBuildFile; fileRef = BCD0A22A1C97E2B6001FD315 /* p1.JPG */; };
		BCD0A2311C97E2B6001FD315 /* p2.jpg in Resources */ = {isa = PBXBuildFile; fileRef = BCD0A22B1C97E2B6001FD315 /* p2.jpg */; };
		BCD0A2321C97E2B6001FD315 /* p3.jpg in Resources */ = {isa = PBXBuildFile; fileRef = BCD0A22C1C97E2B6001FD315 /* p3.jpg */; };
		BCD0A2331C97E2B6001FD315 /* p4.jpg in Resources */ = {isa = PBXBuildFile; fileRef = BCD0A22D1C97E2B6001FD315 /* p4.jpg */; };
		BCD0A2341C97E2B6001FD315 /* p5.jpg in Resources */ = {isa = PBXBuildFile; fileRef = BCD0A22E1C97E2B6001FD315 /* p5.jpg */; };
		BCD0A2351C97E2B6001FD315 /* p6.jpg in Resources */ = {isa = PBXBuildFile; fileRef = BCD0A22F1C97E2B6001FD315 /* p6.jpg */; };
		BCD0A2391C97E7E4001FD315 /* 6.jpg in Resources */ = {isa = PBXBuildFile; fileRef = BCD0A2361C97E7E4001FD315 /* 6.jpg */; };
		BCD0A23A1C97E7E4001FD315 /* 7.png in Resources */ = {isa = PBXBuildFile; fileRef = BCD0A2371C97E7E4001FD315 /* 7.png */; };
		BCD0A23B1C97E7E4001FD315 /* 8.png in Resources */ = {isa = PBXBuildFile; fileRef = BCD0A2381C97E7E4001FD315 /* 8.png */; };
/* End PBXBuildFile section */

/* Begin PBXFileReference section */
		BC1014731C9442CA00F03B6A /* WeiboList.app */ = {isa = PBXFileReference; explicitFileType = wrapper.application; includeInIndex = 0; path = WeiboList.app; sourceTree = BUILT_PRODUCTS_DIR; };
		BC1014771C9442CA00F03B6A /* main.m */ = {isa = PBXFileReference; lastKnownFileType = sourcecode.c.objc; path = main.m; sourceTree = "<group>"; };
		BC1014791C9442CA00F03B6A /* AppDelegate.h */ = {isa = PBXFileReference; lastKnownFileType = sourcecode.c.h; path = AppDelegate.h; sourceTree = "<group>"; };
		BC10147A1C9442CA00F03B6A /* AppDelegate.m */ = {isa = PBXFileReference; lastKnownFileType = sourcecode.c.objc; path = AppDelegate.m; sourceTree = "<group>"; };
		BC10147C1C9442CA00F03B6A /* ViewController.h */ = {isa = PBXFileReference; lastKnownFileType = sourcecode.c.h; path = ViewController.h; sourceTree = "<group>"; };
		BC10147D1C9442CA00F03B6A /* ViewController.m */ = {isa = PBXFileReference; lastKnownFileType = sourcecode.c.objc; path = ViewController.m; sourceTree = "<group>"; };
		BC1014801C9442CA00F03B6A /* Base */ = {isa = PBXFileReference; lastKnownFileType = file.storyboard; name = Base; path = Base.lproj/Main.storyboard; sourceTree = "<group>"; };
		BC1014821C9442CA00F03B6A /* Assets.xcassets */ = {isa = PBXFileReference; lastKnownFileType = folder.assetcatalog; path = Assets.xcassets; sourceTree = "<group>"; };
		BC1014851C9442CA00F03B6A /* Base */ = {isa = PBXFileReference; lastKnownFileType = file.storyboard; name = Base; path = Base.lproj/LaunchScreen.storyboard; sourceTree = "<group>"; };
		BC1014871C9442CA00F03B6A /* Info.plist */ = {isa = PBXFileReference; lastKnownFileType = text.plist.xml; path = Info.plist; sourceTree = "<group>"; };
		BC10148D1C9448EB00F03B6A /* Weibo.h */ = {isa = PBXFileReference; fileEncoding = 4; lastKnownFileType = sourcecode.c.h; path = Weibo.h; sourceTree = "<group>"; };
		BC10148E1C9448EB00F03B6A /* Weibo.m */ = {isa = PBXFileReference; fileEncoding = 4; lastKnownFileType = sourcecode.c.objc; path = Weibo.m; sourceTree = "<group>"; };
		BC1014901C94497200F03B6A /* WeiboCell.h */ = {isa = PBXFileReference; fileEncoding = 4; lastKnownFileType = sourcecode.c.h; path = WeiboCell.h; sourceTree = "<group>"; };
		BC1014911C94497200F03B6A /* WeiboCell.m */ = {isa = PBXFileReference; fileEncoding = 4; lastKnownFileType = sourcecode.c.objc; path = WeiboCell.m; sourceTree = "<group>"; };
		BC1014931C94498F00F03B6A /* WeiboFrame.h */ = {isa = PBXFileReference; fileEncoding = 4; lastKnownFileType = sourcecode.c.h; path = WeiboFrame.h; sourceTree = "<group>"; };
		BC1014941C94498F00F03B6A /* WeiboFrame.m */ = {isa = PBXFileReference; fileEncoding = 4; lastKnownFileType = sourcecode.c.objc; path = WeiboFrame.m; sourceTree = "<group>"; };
		BCD0A2171C97D207001FD315 /* status.plist */ = {isa = PBXFileReference; fileEncoding = 4; lastKnownFileType = text.plist.xml; path = status.plist; sourceTree = "<group>"; };
		BCD0A21A1C97D4C0001FD315 /* vip.png */ = {isa = PBXFileReference; lastKnownFileType = image.png; path = vip.png; sourceTree = "<group>"; };
		BCD0A21D1C97E0A7001FD315 /* 0.png */ = {isa = PBXFileReference; lastKnownFileType = image.png; path = 0.png; sourceTree = "<group>"; };
		BCD0A21E1C97E0A7001FD315 /* 1.png */ = {isa = PBXFileReference; lastKnownFileType = image.png; path = 1.png; sourceTree = "<group>"; };
		BCD0A21F1C97E0A7001FD315 /* 2.png */ = {isa = PBXFileReference; lastKnownFileType = image.png; path = 2.png; sourceTree = "<group>"; };
		BCD0A2201C97E0A7001FD315 /* 3.png */ = {isa = PBXFileReference; lastKnownFileType = image.png; path = 3.png; sourceTree = "<group>"; };
		BCD0A2211C97E0A7001FD315 /* 4.png */ = {isa = PBXFileReference; lastKnownFileType = image.png; path = 4.png; sourceTree = "<group>"; };
		BCD0A2221C97E0A7001FD315 /* 5.png */ = {isa = PBXFileReference; lastKnownFileType = image.png; path = 5.png; sourceTree = "<group>"; };
		BCD0A22A1C97E2B6001FD315 /* p1.JPG */ = {isa = PBXFileReference; lastKnownFileType = image.jpeg; path = p1.JPG; sourceTree = "<group>"; };
		BCD0A22B1C97E2B6001FD315 /* p2.jpg */ = {isa = PBXFileReference; lastKnownFileType = image.jpeg; path = p2.jpg; sourceTree = "<group>"; };
		BCD0A22C1C97E2B6001FD315 /* p3.jpg */ = {isa = PBXFileReference; lastKnownFileType = image.jpeg; path = p3.jpg; sourceTree = "<group>"; };
		BCD0A22D1C97E2B6001FD315 /* p4.jpg */ = {isa = PBXFileReference; lastKnownFileType = image.jpeg; path = p4.jpg; sourceTree = "<group>"; };
		BCD0A22E1C97E2B6001FD315 /* p5.jpg */ = {isa = PBXFileReference; lastKnownFileType = image.jpeg; path = p5.jpg; sourceTree = "<group>"; };
		BCD0A22F1C97E2B6001FD315 /* p6.jpg */ = {isa = PBXFileReference; lastKnownFileType = image.jpeg; path = p6.jpg; sourceTree = "<group>"; };
		BCD0A2361C97E7E4001FD315 /* 6.jpg */ = {isa = PBXFileReference; lastKnownFileType = image.jpeg; path = 6.jpg; sourceTree = "<group>"; };
		BCD0A2371C97E7E4001FD315 /* 7.png */ = {isa = PBXFileReference; lastKnownFileType = image.png; path = 7.png; sourceTree = "<group>"; };
		BCD0A2381C97E7E4001FD315 /* 8.png */ = {isa = PBXFileReference; lastKnownFileType = image.png; path = 8.png; sourceTree = "<group>"; };
/* End PBXFileReference section */

/* Begin PBXFrameworksBuildPhase section */
		BC1014701C9442CA00F03B6A /* Frameworks */ = {
			isa = PBXFrameworksBuildPhase;
			buildActionMask = 2147483647;
			files = (
			);
			runOnlyForDeploymentPostprocessing = 0;
		};
/* End PBXFrameworksBuildPhase section */

/* Begin PBXGroup section */
		BC10146A1C9442CA00F03B6A = {
			isa = PBXGroup;
			children = (
				BC1014751C9442CA00F03B6A /* WeiboList */,
				BC1014741C9442CA00F03B6A /* Products */,
			);
			sourceTree = "<group>";
		};
		BC1014741C9442CA00F03B6A /* Products */ = {
			isa = PBXGroup;
			children = (
				BC1014731C9442CA00F03B6A /* WeiboList.app */,
			);
			name = Products;
			sourceTree = "<group>";
		};
		BC1014751C9442CA00F03B6A /* WeiboList */ = {
			isa = PBXGroup;
			children = (
				BC10148D1C9448EB00F03B6A /* Weibo.h */,
				BC10148E1C9448EB00F03B6A /* Weibo.m */,
				BC1014791C9442CA00F03B6A /* AppDelegate.h */,
				BC10147A1C9442CA00F03B6A /* AppDelegate.m */,
				BC10147C1C9442CA00F03B6A /* ViewController.h */,
				BC10147D1C9442CA00F03B6A /* ViewController.m */,
				BC1014901C94497200F03B6A /* WeiboCell.h */,
				BC1014911C94497200F03B6A /* WeiboCell.m */,
				BC1014931C94498F00F03B6A /* WeiboFrame.h */,
				BC1014941C94498F00F03B6A /* WeiboFrame.m */,
				BC10147F1C9442CA00F03B6A /* Main.storyboard */,
				BC1014821C9442CA00F03B6A /* Assets.xcassets */,
				BC1014841C9442CA00F03B6A /* LaunchScreen.storyboard */,
				BC1014871C9442CA00F03B6A /* Info.plist */,
				BCD0A2171C97D207001FD315 /* status.plist */,
				BC1014761C9442CA00F03B6A /* Supporting Files */,
			);
			path = WeiboList;
			sourceTree = "<group>";
		};
		BC1014761C9442CA00F03B6A /* Supporting Files */ = {
			isa = PBXGroup;
			children = (
				BCD0A2191C97D4B2001FD315 /* images */,
				BC1014771C9442CA00F03B6A /* main.m */,
			);
			name = "Supporting Files";
			sourceTree = "<group>";
		};
		BCD0A2191C97D4B2001FD315 /* images */ = {
			isa = PBXGroup;
			children = (
				BCD0A2291C97E2AB001FD315 /* pictures */,
				BCD0A21C1C97D4D0001FD315 /* icon */,
				BCD0A21A1C97D4C0001FD315 /* vip.png */,
			);
			name = images;
			sourceTree = "<group>";
		};
		BCD0A21C1C97D4D0001FD315 /* icon */ = {
			isa = PBXGroup;
			children = (
				BCD0A21D1C97E0A7001FD315 /* 0.png */,
				BCD0A21E1C97E0A7001FD315 /* 1.png */,
				BCD0A21F1C97E0A7001FD315 /* 2.png */,
				BCD0A2201C97E0A7001FD315 /* 3.png */,
				BCD0A2211C97E0A7001FD315 /* 4.png */,
				BCD0A2221C97E0A7001FD315 /* 5.png */,
				BCD0A2361C97E7E4001FD315 /* 6.jpg */,
				BCD0A2371C97E7E4001FD315 /* 7.png */,
				BCD0A2381C97E7E4001FD315 /* 8.png */,
			);
			name = icon;
			sourceTree = "<group>";
		};
		BCD0A2291C97E2AB001FD315 /* pictures */ = {
			isa = PBXGroup;
			children = (
				BCD0A22A1C97E2B6001FD315 /* p1.JPG */,
				BCD0A22B1C97E2B6001FD315 /* p2.jpg */,
				BCD0A22C1C97E2B6001FD315 /* p3.jpg */,
				BCD0A22D1C97E2B6001FD315 /* p4.jpg */,
				BCD0A22E1C97E2B6001FD315 /* p5.jpg */,
				BCD0A22F1C97E2B6001FD315 /* p6.jpg */,
			);
			name = pictures;
			sourceTree = "<group>";
		};
/* End PBXGroup section */

/* Begin PBXNativeTarget section */
		BC1014721C9442CA00F03B6A /* WeiboList */ = {
			isa = PBXNativeTarget;
			buildConfigurationList = BC10148A1C9442CA00F03B6A /* Build configuration list for PBXNativeTarget "WeiboList" */;
			buildPhases = (
				BC10146F1C9442CA00F03B6A /* Sources */,
				BC1014701C9442CA00F03B6A /* Frameworks */,
				BC1014711C9442CA00F03B6A /* Resources */,
			);
			buildRules = (
			);
			dependencies = (
			);
			name = WeiboList;
			productName = WeiboList;
			productReference = BC1014731C9442CA00F03B6A /* WeiboList.app */;
			productType = "com.apple.product-type.application";
		};
/* End PBXNativeTarget section */

/* Begin PBXProject section */
		BC10146B1C9442CA00F03B6A /* Project object */ = {
			isa = PBXProject;
			attributes = {
				LastUpgradeCheck = 0720;
				ORGANIZATIONNAME = AbelSu;
				TargetAttributes = {
					BC1014721C9442CA00F03B6A = {
						CreatedOnToolsVersion = 7.2;
					};
				};
			};
			buildConfigurationList = BC10146E1C9442CA00F03B6A /* Build configuration list for PBXProject "WeiboList" */;
			compatibilityVersion = "Xcode 3.2";
			developmentRegion = English;
			hasScannedForEncodings = 0;
			knownRegions = (
				en,
				Base,
			);
			mainGroup = BC10146A1C9442CA00F03B6A;
			productRefGroup = BC1014741C9442CA00F03B6A /* Products */;
			projectDirPath = "";
			projectRoot = "";
			targets = (
				BC1014721C9442CA00F03B6A /* WeiboList */,
			);
		};
/* End PBXProject section */

/* Begin PBXResourcesBuildPhase section */
		BC1014711C9442CA00F03B6A /* Resources */ = {
			isa = PBXResourcesBuildPhase;
			buildActionMask = 2147483647;
			files = (
				BCD0A23B1C97E7E4001FD315 /* 8.png in Resources */,
				BCD0A2391C97E7E4001FD315 /* 6.jpg in Resources */,
				BCD0A2331C97E2B6001FD315 /* p4.jpg in Resources */,
				BCD0A2351C97E2B6001FD315 /* p6.jpg in Resources */,
				BCD0A2311C97E2B6001FD315 /* p2.jpg in Resources */,
				BCD0A2281C97E0A7001FD315 /* 5.png in Resources */,
				BCD0A2231C97E0A7001FD315 /* 0.png in Resources */,
				BCD0A2301C97E2B6001FD315 /* p1.JPG in Resources */,
				BCD0A2181C97D207001FD315 /* status.plist in Resources */,
				BCD0A2251C97E0A7001FD315 /* 2.png in Resources */,
				BCD0A2321C97E2B6001FD315 /* p3.jpg in Resources */,
				BCD0A2261C97E0A7001FD315 /* 3.png in Resources */,
				BC1014861C9442CA00F03B6A /* LaunchScreen.storyboard in Resources */,
				BCD0A2341C97E2B6001FD315 /* p5.jpg in Resources */,
				BCD0A21B1C97D4C0001FD315 /* vip.png in Resources */,
				BC1014831C9442CA00F03B6A /* Assets.xcassets in Resources */,
				BC1014811C9442CA00F03B6A /* Main.storyboard in Resources */,
				BCD0A2271C97E0A7001FD315 /* 4.png in Resources */,
				BCD0A2241C97E0A7001FD315 /* 1.png in Resources */,
				BCD0A23A1C97E7E4001FD315 /* 7.png in Resources */,
			);
			runOnlyForDeploymentPostprocessing = 0;
		};
/* End PBXResourcesBuildPhase section */

/* Begin PBXSourcesBuildPhase section */
		BC10146F1C9442CA00F03B6A /* Sources */ = {
			isa = PBXSourcesBuildPhase;
			buildActionMask = 2147483647;
			files = (
				BC10148F1C9448EB00F03B6A /* Weibo.m in Sources */,
				BC1014921C94497200F03B6A /* WeiboCell.m in Sources */,
				BC10147E1C9442CA00F03B6A /* ViewController.m in Sources */,
				BC10147B1C9442CA00F03B6A /* AppDelegate.m in Sources */,
				BC1014951C94498F00F03B6A /* WeiboFrame.m in Sources */,
				BC1014781C9442CA00F03B6A /* main.m in Sources */,
			);
			runOnlyForDeploymentPostprocessing = 0;
		};
/* End PBXSourcesBuildPhase section */

/* Begin PBXVariantGroup section */
		BC10147F1C9442CA00F03B6A /* Main.storyboard */ = {
			isa = PBXVariantGroup;
			children = (
				BC1014801C9442CA00F03B6A /* Base */,
			);
			name = Main.storyboard;
			sourceTree = "<group>";
		};
		BC1014841C9442CA00F03B6A /* LaunchScreen.storyboard */ = {
			isa = PBXVariantGroup;
			children = (
				BC1014851C9442CA00F03B6A /* Base */,
			);
			name = LaunchScreen.storyboard;
			sourceTree = "<group>";
		};
/* End PBXVariantGroup section */

/* Begin XCBuildConfiguration section */
		BC1014881C9442CA00F03B6A /* Debug */ = {
			isa = XCBuildConfiguration;
			buildSettings = {
				ALWAYS_SEARCH_USER_PATHS = NO;
				CLANG_CXX_LANGUAGE_STANDARD = "gnu++0x";
				CLANG_CXX_LIBRARY = "libc++";
				CLANG_ENABLE_MODULES = YES;
				CLANG_ENABLE_OBJC_ARC = YES;
				CLANG_WARN_BOOL_CONVERSION = YES;
				CLANG_WARN_CONSTANT_CONVERSION = YES;
				CLANG_WARN_DIRECT_OBJC_ISA_USAGE = YES_ERROR;
				CLANG_WARN_EMPTY_BODY = YES;
				CLANG_WARN_ENUM_CONVERSION = YES;
				CLANG_WARN_INT_CONVERSION = YES;
				CLANG_WARN_OBJC_ROOT_CLASS = YES_ERROR;
				CLANG_WARN_UNREACHABLE_CODE = YES;
				CLANG_WARN__DUPLICATE_METHOD_MATCH = YES;
				"CODE_SIGN_IDENTITY[sdk=iphoneos*]" = "iPhone Developer";
				COPY_PHASE_STRIP = NO;
				DEBUG_INFORMATION_FORMAT = dwarf;
				ENABLE_STRICT_OBJC_MSGSEND = YES;
				ENABLE_TESTABILITY = YES;
				GCC_C_LANGUAGE_STANDARD = gnu99;
				GCC_DYNAMIC_NO_PIC = NO;
				GCC_NO_COMMON_BLOCKS = YES;
				GCC_OPTIMIZATION_LEVEL = 0;
				GCC_PREPROCESSOR_DEFINITIONS = (
					"DEBUG=1",
					"$(inherited)",
				);
				GCC_WARN_64_TO_32_BIT_CONVERSION = YES;
				GCC_WARN_ABOUT_RETURN_TYPE = YES_ERROR;
				GCC_WARN_UNDECLARED_SELECTOR = YES;
				GCC_WARN_UNINITIALIZED_AUTOS = YES_AGGRESSIVE;
				GCC_WARN_UNUSED_FUNCTION = YES;
				GCC_WARN_UNUSED_VARIABLE = YES;
				IPHONEOS_DEPLOYMENT_TARGET = 9.2;
				MTL_ENABLE_DEBUG_INFO = YES;
				ONLY_ACTIVE_ARCH = YES;
				SDKROOT = iphoneos;
			};
			name = Debug;
		};
		BC1014891C9442CA00F03B6A /* Release */ = {
			isa = XCBuildConfiguration;
			buildSettings = {
				ALWAYS_SEARCH_USER_PATHS = NO;
				CLANG_CXX_LANGUAGE_STANDARD = "gnu++0x";
				CLANG_CXX_LIBRARY = "libc++";
				CLANG_ENABLE_MODULES = YES;
				CLANG_ENABLE_OBJC_ARC = YES;
				CLANG_WARN_BOOL_CONVERSION = YES;
				CLANG_WARN_CONSTANT_CONVERSION = YES;
				CLANG_WARN_DIRECT_OBJC_ISA_USAGE = YES_ERROR;
				CLANG_WARN_EMPTY_BODY = YES;
				CLANG_WARN_ENUM_CONVERSION = YES;
				CLANG_WARN_INT_CONVERSION = YES;
				CLANG_WARN_OBJC_ROOT_CLASS = YES_ERROR;
				CLANG_WARN_UNREACHABLE_CODE = YES;
				CLANG_WARN__DUPLICATE_METHOD_MATCH = YES;
				"CODE_SIGN_IDENTITY[sdk=iphoneos*]" = "iPhone Developer";
				COPY_PHASE_STRIP = NO;
				DEBUG_INFORMATION_FORMAT = "dwarf-with-dsym";
				ENABLE_NS_ASSERTIONS = NO;
				ENABLE_STRICT_OBJC_MSGSEND = YES;
				GCC_C_LANGUAGE_STANDARD = gnu99;
				GCC_NO_COMMON_BLOCKS = YES;
				GCC_WARN_64_TO_32_BIT_CONVERSION = YES;
				GCC_WARN_ABOUT_RETURN_TYPE = YES_ERROR;
				GCC_WARN_UNDECLARED_SELECTOR = YES;
				GCC_WARN_UNINITIALIZED_AUTOS = YES_AGGRESSIVE;
				GCC_WARN_UNUSED_FUNCTION = YES;
				GCC_WARN_UNUSED_VARIABLE = YES;
				IPHONEOS_DEPLOYMENT_TARGET = 9.2;
				MTL_ENABLE_DEBUG_INFO = NO;
				SDKROOT = iphoneos;
				VALIDATE_PRODUCT = YES;
			};
			name = Release;
		};
		BC10148B1C9442CA00F03B6A /* Debug */ = {
			isa = XCBuildConfiguration;
			buildSettings = {
				ASSETCATALOG_COMPILER_APPICON_NAME = AppIcon;
				INFOPLIST_FILE = WeiboList/Info.plist;
				LD_RUNPATH_SEARCH_PATHS = "$(inherited) @executable_path/Frameworks";
				PRODUCT_BUNDLE_IDENTIFIER = cn.com.subin.WeiboList;
				PRODUCT_NAME = "$(TARGET_NAME)";
			};
			name = Debug;
		};
		BC10148C1C9442CA00F03B6A /* Release */ = {
			isa = XCBuildConfiguration;
			buildSettings = {
				ASSETCATALOG_COMPILER_APPICON_NAME = AppIcon;
				INFOPLIST_FILE = WeiboList/Info.plist;
				LD_RUNPATH_SEARCH_PATHS = "$(inherited) @executable_path/Frameworks";
				PRODUCT_BUNDLE_IDENTIFIER = cn.com.subin.WeiboList;
				PRODUCT_NAME = "$(TARGET_NAME)";
			};
			name = Release;
		};
/* End XCBuildConfiguration section */

/* Begin XCConfigurationList section */
		BC10146E1C9442CA00F03B6A /* Build configuration list for PBXProject "WeiboList" */ = {
			isa = XCConfigurationList;
			buildConfigurations = (
				BC1014881C9442CA00F03B6A /* Debug */,
				BC1014891C9442CA00F03B6A /* Release */,
			);
			defaultConfigurationIsVisible = 0;
			defaultConfigurationName = Release;
		};
		BC10148A1C9442CA00F03B6A /* Build configuration list for PBXNativeTarget "WeiboList" */ = {
			isa = XCConfigurationList;
			buildConfigurations = (
				BC10148B1C9442CA00F03B6A /* Debug */,
				BC10148C1C9442CA00F03B6A /* Release */,
			);
			defaultConfigurationIsVisible = 0;
			defaultConfigurationName = Release;
		};
/* End XCConfigurationList section */
	};
	rootObject = BC10146B1C9442CA00F03B6A /* Project object */;
}
